
Microsoft Visual Studio Solution File, Format Version 12.00
# Visual Studio Version 17
VisualStudioVersion = 17.7.34031.279
MinimumVisualStudioVersion = 10.0.40219.1
Project("{FAE04EC0-301F-11D3-BF4B-00C04F79EFBC}") = "SF_TgBot", "SF_TgBot\SF_TgBot.csproj", "{34139BCB-21A9-4E11-AFBA-4245B40BA914}"
EndProject
Global
	GlobalSection(SolutionConfigurationPlatforms) = preSolution
		Debug|Any CPU = Debug|Any CPU
		Release|Any CPU = Release|Any CPU
	EndGlobalSection
	GlobalSection(ProjectConfigurationPlatforms) = postSolution
		{34139BCB-21A9-4E11-AFBA-4245B40BA914}.Debug|Any CPU.ActiveCfg = Debug|Any CPU
		{34139BCB-21A9-4E11-AFBA-4245B40BA914}.Debug|Any CPU.Build.0 = Debug|Any CPU
		{34139BCB-21A9-4E11-AFBA-4245B40BA914}.Release|Any CPU.ActiveCfg = Release|Any CPU
		{34139BCB-21A9-4E11-AFBA-4245B40BA914}.Release|Any CPU.Build.0 = Release|Any CPU
	EndGlobalSection
	GlobalSection(SolutionProperties) = preSolution
		HideSolutionNode = FALSE
	EndGlobalSection
	GlobalSection(ExtensibilityGlobals) = postSolution
		SolutionGuid = {DF83A55F-B4C4-4E11-9314-9E6B2F2BF5AB}
	EndGlobalSection
EndGlobal
